
Microsoft Visual Studio Solution File, Format Version 12.00
# Visual Studio Version 17
VisualStudioVersion = 17.4.33205.214
MinimumVisualStudioVersion = 10.0.40219.1
Project("{FAE04EC0-301F-11D3-BF4B-00C04F79EFBC}") = "NumberSystem", "NumberSystem\NumberSystem.csproj", "{846D6DD0-6B11-449D-B252-32E950DFD0EA}"
EndProject
Global
	GlobalSection(SolutionConfigurationPlatforms) = preSolution
		Debug|Any CPU = Debug|Any CPU
		Release|Any CPU = Release|Any CPU
	EndGlobalSection
	GlobalSection(ProjectConfigurationPlatforms) = postSolution
		{846D6DD0-6B11-449D-B252-32E950DFD0EA}.Debug|Any CPU.ActiveCfg = Debug|Any CPU
		{846D6DD0-6B11-449D-B252-32E950DFD0EA}.Debug|Any CPU.Build.0 = Debug|Any CPU
		{846D6DD0-6B11-449D-B252-32E950DFD0EA}.Release|Any CPU.ActiveCfg = Release|Any CPU
		{846D6DD0-6B11-449D-B252-32E950DFD0EA}.Release|Any CPU.Build.0 = Release|Any CPU
	EndGlobalSection
	GlobalSection(SolutionProperties) = preSolution
		HideSolutionNode = FALSE
	EndGlobalSection
	GlobalSection(ExtensibilityGlobals) = postSolution
		SolutionGuid = {D187BE2E-6382-476D-B7B6-24CD042689AA}
	EndGlobalSection
EndGlobal
